
Microsoft Visual Studio Solution File, Format Version 12.00
# Visual Studio Version 16
VisualStudioVersion = 16.0.31205.134
MinimumVisualStudioVersion = 10.0.40219.1
Project("{FAE04EC0-301F-11D3-BF4B-00C04F79EFBC}") = "ChallengeAlkemyDisney", "ChallengeAlkemyDisney\ChallengeAlkemyDisney.csproj", "{26AB40D7-76CF-4D1E-9CDC-026F4A4362E7}"
EndProject
Global
	GlobalSection(SolutionConfigurationPlatforms) = preSolution
		Debug|Any CPU = Debug|Any CPU
		Release|Any CPU = Release|Any CPU
	EndGlobalSection
	GlobalSection(ProjectConfigurationPlatforms) = postSolution
		{26AB40D7-76CF-4D1E-9CDC-026F4A4362E7}.Debug|Any CPU.ActiveCfg = Debug|Any CPU
		{26AB40D7-76CF-4D1E-9CDC-026F4A4362E7}.Debug|Any CPU.Build.0 = Debug|Any CPU
		{26AB40D7-76CF-4D1E-9CDC-026F4A4362E7}.Release|Any CPU.ActiveCfg = Release|Any CPU
		{26AB40D7-76CF-4D1E-9CDC-026F4A4362E7}.Release|Any CPU.Build.0 = Release|Any CPU
	EndGlobalSection
	GlobalSection(SolutionProperties) = preSolution
		HideSolutionNode = FALSE
	EndGlobalSection
	GlobalSection(ExtensibilityGlobals) = postSolution
		SolutionGuid = {B8B1DD1F-A062-458B-AF25-EC0AD1706AC8}
	EndGlobalSection
EndGlobal
